{
  "name": "ejdicto",
  "version": "1.0.0",
  "lockfileVersion": 1,
  "requires": true,
  "dependencies": {
    "@simple-dom/document": {
      "version": "1.4.0",
      "resolved": "https://registry.npmjs.org/@simple-dom/document/-/document-1.4.0.tgz",
      "integrity": "sha512-/RUeVH4kuD3rzo5/91+h4Z1meLSLP66eXqpVAw/4aZmYozkeqUkMprq0znL4psX/adEed5cBgiNJcfMz/eKZLg==",
      "requires": {
        "@simple-dom/interface": "^1.4.0"
      }
    },
    "@simple-dom/interface": {
      "version": "1.4.0",
      "resolved": "https://registry.npmjs.org/@simple-dom/interface/-/interface-1.4.0.tgz",
      "integrity": "sha512-l5qumKFWU0S+4ZzMaLXFU8tQZsicHEMEyAxI5kDFGhJsRqDwe0a7/iPA/GdxlGyDKseQQAgIz5kzU7eXTrlSpA=="
    },
    "@simple-dom/parser": {
      "version": "1.4.0",
      "resolved": "https://registry.npmjs.org/@simple-dom/parser/-/parser-1.4.0.tgz",
      "integrity": "sha512-TNjDkOehueRIKr1df416qk9ELj+qWuVVJNIT25y1aZg3pQvxv4UPGrgaDFte7dsWBTbF3V8NYPNQ5FDUZQ8Wlg==",
      "requires": {
        "@simple-dom/interface": "^1.4.0"
      }
    },
    "@simple-dom/serializer": {
      "version": "1.4.0",
      "resolved": "https://registry.npmjs.org/@simple-dom/serializer/-/serializer-1.4.0.tgz",
      "integrity": "sha512-mI1yRahsVs8atXLiQksineDsFEFqeG7RHwnnBTDOK6inbzl4tZQgjR+Z7edjgIJq5j5RhZvwPI6EuCji9B3eQw==",
      "requires": {
        "@simple-dom/interface": "^1.4.0"
      }
    },
    "@simple-dom/void-map": {
      "version": "1.4.0",
      "resolved": "https://registry.npmjs.org/@simple-dom/void-map/-/void-map-1.4.0.tgz",
      "integrity": "sha512-VDhLEyVCbuhOBBgHol9ShzIv9O8UCzdXeH4FoXu2DOcu/nnvTjLTck+BgXsCLv5ynDiUdoqsREEVFnoyPpFKVw=="
    },
    "axios": {
      "version": "0.19.2",
      "resolved": "https://registry.npmjs.org/axios/-/axios-0.19.2.tgz",
      "integrity": "sha512-fjgm5MvRHLhx+osE2xoekY70AhARk3a6hkN+3Io1jc00jtquGvxYlKlsFUhmUET0V5te6CcZI7lcv2Ym61mjHA==",
      "requires": {
        "follow-redirects": "1.5.10"
      }
    },
    "chibijs": {
      "version": "3.0.9",
      "resolved": "https://registry.npmjs.org/chibijs/-/chibijs-3.0.9.tgz",
      "integrity": "sha512-3ug3j94vs3QJ5Tn8qLD0ggX9V/PJOZtYq9ASvT+XiGWffo3lg/TM3RvijHp3Wv+yVdTlfQxkBjTktWQHfotA2w=="
    },
    "clean-css": {
      "version": "4.2.3",
      "resolved": "https://registry.npmjs.org/clean-css/-/clean-css-4.2.3.tgz",
      "integrity": "sha512-VcMWDN54ZN/DS+g58HYL5/n4Zrqe8vHJpGA8KdgUXFU4fuP/aHNw8eld9SyEIyabIMJX/0RaY/fplOo5hYLSFA==",
      "dev": true,
      "requires": {
        "source-map": "~0.6.0"
      }
    },
    "commander": {
      "version": "2.20.3",
      "resolved": "https://registry.npmjs.org/commander/-/commander-2.20.3.tgz",
      "integrity": "sha512-GpVkmM8vF2vQUkj2LvZmD35JxeJOLCwJ9cUkugyk2nuhbv3+mJvpLYYt+0+USMxE+oj+ey/lJEnhZw75x/OMcQ==",
      "dev": true,
      "optional": true
    },
    "debug": {
      "version": "3.1.0",
      "resolved": "https://registry.npmjs.org/debug/-/debug-3.1.0.tgz",
      "integrity": "sha512-OX8XqP7/1a9cqkxYw2yXss15f26NKWBpDXQd0/uK/KPqdQhxbPa994hnzjcE2VqQpDslf55723cKPUOGSmMY3g==",
      "requires": {
        "ms": "2.0.0"
      }
    },
    "follow-redirects": {
      "version": "1.5.10",
      "resolved": "https://registry.npmjs.org/follow-redirects/-/follow-redirects-1.5.10.tgz",
      "integrity": "sha512-0V5l4Cizzvqt5D44aTXbFZz+FtyXV1vrDN6qrelxtfYQKW0KO0W2T/hkE8xvGa/540LkZlkaUjO4ailYTFtHVQ==",
      "requires": {
        "debug": "=3.1.0"
      }
    },
    "handlebars": {
      "version": "4.7.6",
      "resolved": "https://registry.npmjs.org/handlebars/-/handlebars-4.7.6.tgz",
      "integrity": "sha512-1f2BACcBfiwAfStCKZNrUCgqNZkGsAT7UM3kkYtXuLo0KnaVfjKOyf7PRzB6++aK9STyT1Pd2ZCPe3EGOXleXA==",
      "dev": true,
      "requires": {
        "minimist": "^1.2.5",
        "neo-async": "^2.6.0",
        "source-map": "^0.6.1",
        "uglify-js": "^3.1.4",
        "wordwrap": "^1.0.0"
      }
    },
    "handlebars.binding": {
      "version": "0.4.0",
      "resolved": "https://registry.npmjs.org/handlebars.binding/-/handlebars.binding-0.4.0.tgz",
      "integrity": "sha512-1vKldflka7oW+rvptL2p0NqDqZBLnFOlnorlawgpK5kWgDZRK830IPqRn6O96Wss1k7SUkBcX2c20EXNzWVJ/Q==",
      "requires": {
        "handlebars.element": "~0.4.0",
        "observe-js": "~0.5.7"
      }
    },
    "handlebars.element": {
      "version": "0.4.0",
      "resolved": "https://registry.npmjs.org/handlebars.element/-/handlebars.element-0.4.0.tgz",
      "integrity": "sha512-WRHSjXpOnr10RBLpPUwouJYo5hb4X5QYlQSo+y1toWU8z2Ob3tkSRh7hlVEUYsYCmWLGO3N5ETL8DblkrHWNww==",
      "requires": {
        "simple-dom": "^1.3.0",
        "simple-html-tokenizer": "^0.4.3"
      }
    },
    "hbsfy": {
      "version": "2.8.1",
      "resolved": "https://registry.npmjs.org/hbsfy/-/hbsfy-2.8.1.tgz",
      "integrity": "sha512-NHn+bc1FI+TTZzFkpw+0JetPDzxRGiYBNMb3eSDO9J0rZE/SU6tm9QAc3JT9wblYOQWnGvzPENE+x+xDxlATeQ==",
      "dev": true,
      "requires": {
        "through": "~2.3.4",
        "xtend": "~3.0.0"
      }
    },
    "jsmin": {
      "version": "1.0.1",
      "resolved": "https://registry.npmjs.org/jsmin/-/jsmin-1.0.1.tgz",
      "integrity": "sha1-570NzWSWw79IYyNb9GGj2YqjuYw=",
      "dev": true
    },
    "minimist": {
      "version": "1.2.5",
      "resolved": "https://registry.npmjs.org/minimist/-/minimist-1.2.5.tgz",
      "integrity": "sha512-FM9nNUYrRBAELZQT3xeZQ7fmMOBg6nWNmJKTcgsJeaLstP/UODVpGsr5OhXhhXg6f+qtJ8uiZ+PUxkDWcgIXLw==",
      "dev": true
    },
    "ms": {
      "version": "2.0.0",
      "resolved": "https://registry.npmjs.org/ms/-/ms-2.0.0.tgz",
      "integrity": "sha1-VgiurfwAvmwpAd9fmGF4jeDVl8g="
    },
    "navigo": {
      "version": "7.1.2",
      "resolved": "https://registry.npmjs.org/navigo/-/navigo-7.1.2.tgz",
      "integrity": "sha512-OlhxHxhLM62X0Sjbkp5wlm1V6GpOIKShFu7dS/fDS3cVqzMHYS880LT5tu6JjGkrSYQbtCNDADmRIP47MoVGlA=="
    },
    "neo-async": {
      "version": "2.6.1",
      "resolved": "https://registry.npmjs.org/neo-async/-/neo-async-2.6.1.tgz",
      "integrity": "sha512-iyam8fBuCUpWeKPGpaNMetEocMt364qkCsfL9JuhjXX6dRnguRVOfk2GZaDpPjcOKiiXCPINZC1GczQ7iTq3Zw==",
      "dev": true
    },
    "observe-js": {
      "version": "0.5.7",
      "resolved": "https://registry.npmjs.org/observe-js/-/observe-js-0.5.7.tgz",
      "integrity": "sha1-WudGbPBLmh18+KAp9eGoBv2pOrY="
    },
    "simple-dom": {
      "version": "1.4.0",
      "resolved": "https://registry.npmjs.org/simple-dom/-/simple-dom-1.4.0.tgz",
      "integrity": "sha512-TnBPkmOyjdaOqyBMb4ick+n8c0Xv9Iwg1PykFV7hz9Se3UCiacTbRb+25cPmvozFNJLBUNvUzX/KsPfXF14ivA==",
      "requires": {
        "@simple-dom/document": "^1.4.0",
        "@simple-dom/interface": "^1.4.0",
        "@simple-dom/parser": "^1.4.0",
        "@simple-dom/serializer": "^1.4.0",
        "@simple-dom/void-map": "^1.4.0"
      }
    },
    "simple-html-tokenizer": {
      "version": "0.4.3",
      "resolved": "https://registry.npmjs.org/simple-html-tokenizer/-/simple-html-tokenizer-0.4.3.tgz",
      "integrity": "sha512-OpUzgR+P/Qsu6ztZehr4PxvTbV4sDW91hAqc2tnz4fjuFTqErWIUdUMbnzX+19F4IEpSSfa0vCAz5xJSs0LpPw=="
    },
    "source-map": {
      "version": "0.6.1",
      "resolved": "https://registry.npmjs.org/source-map/-/source-map-0.6.1.tgz",
      "integrity": "sha512-UjgapumWlbMhkBgzT7Ykc5YXUT46F0iKu8SGXq0bcwP5dz/h0Plj6enJqjz1Zbq2l5WaqYnrVbwWOWMyF3F47g==",
      "dev": true
    },
    "through": {
      "version": "2.3.8",
      "resolved": "https://registry.npmjs.org/through/-/through-2.3.8.tgz",
      "integrity": "sha1-DdTJ/6q8NXlgsbckEV1+Doai4fU=",
      "dev": true
    },
    "uglify-js": {
      "version": "3.8.1",
      "resolved": "https://registry.npmjs.org/uglify-js/-/uglify-js-3.8.1.tgz",
      "integrity": "sha512-W7KxyzeaQmZvUFbGj4+YFshhVrMBGSg2IbcYAjGWGvx8DHvJMclbTDMpffdxFUGPBHjIytk7KJUR/KUXstUGDw==",
      "dev": true,
      "optional": true,
      "requires": {
        "commander": "~2.20.3",
        "source-map": "~0.6.1"
      }
    },
    "wordwrap": {
      "version": "1.0.0",
      "resolved": "https://registry.npmjs.org/wordwrap/-/wordwrap-1.0.0.tgz",
      "integrity": "sha1-J1hIEIkUVqQXHI0CJkQa3pDLyus=",
      "dev": true
    },
    "xtend": {
      "version": "3.0.0",
      "resolved": "https://registry.npmjs.org/xtend/-/xtend-3.0.0.tgz",
      "integrity": "sha1-XM50B7r2Qsunvs2laBEcST9ZZlo=",
      "dev": true
    }
  }
}
